Microsoft Visual Studio Solution File, Format Version 11.00
# Visual Studio 2008

Project("{455920FA-5BD8-A0A9-B026-075E052977D9}") = "Maze Runner", "Assembly-CSharp-firstpass.csproj", "{C5028301-05C3-A2D1-3958-C31A10A2432B}"
EndProject
Project("{455920FA-5BD8-A0A9-B026-075E052977D9}") = "Maze Runner", "Assembly-CSharp-Editor.csproj", "{B67F24B9-37F6-8F37-C818-7E6B83A364C5}"
EndProject
Project("{455920FA-5BD8-A0A9-B026-075E052977D9}") = "Maze Runner", "Assembly-UnityScript.unityproj", "{C052B491-AEB6-730E-E207-B6E8691716AB}"
EndProject
Global
	GlobalSection(SolutionConfigurationPlatforms) = preSolution
		Debug|Any CPU = Debug|Any CPU
		Release|Any CPU = Release|Any CPU
	EndGlobalSection
	GlobalSection(ProjectConfigurationPlatforms) = postSolution
		{C5028301-05C3-A2D1-3958-C31A10A2432B}.Debug|Any CPU.ActiveCfg = Debug|Any CPU
		{C5028301-05C3-A2D1-3958-C31A10A2432B}.Debug|Any CPU.Build.0 = Debug|Any CPU
		{C5028301-05C3-A2D1-3958-C31A10A2432B}.Release|Any CPU.ActiveCfg = Release|Any CPU
		{C5028301-05C3-A2D1-3958-C31A10A2432B}.Release|Any CPU.Build.0 = Release|Any CPU
		{B67F24B9-37F6-8F37-C818-7E6B83A364C5}.Debug|Any CPU.ActiveCfg = Debug|Any CPU
		{B67F24B9-37F6-8F37-C818-7E6B83A364C5}.Debug|Any CPU.Build.0 = Debug|Any CPU
		{B67F24B9-37F6-8F37-C818-7E6B83A364C5}.Release|Any CPU.ActiveCfg = Release|Any CPU
		{B67F24B9-37F6-8F37-C818-7E6B83A364C5}.Release|Any CPU.Build.0 = Release|Any CPU
		{C052B491-AEB6-730E-E207-B6E8691716AB}.Debug|Any CPU.ActiveCfg = Debug|Any CPU
		{C052B491-AEB6-730E-E207-B6E8691716AB}.Debug|Any CPU.Build.0 = Debug|Any CPU
		{C052B491-AEB6-730E-E207-B6E8691716AB}.Release|Any CPU.ActiveCfg = Release|Any CPU
		{C052B491-AEB6-730E-E207-B6E8691716AB}.Release|Any CPU.Build.0 = Release|Any CPU
	EndGlobalSection
	GlobalSection(SolutionProperties) = preSolution
		HideSolutionNode = FALSE
	EndGlobalSection
	GlobalSection(MonoDevelopProperties) = preSolution
		StartupItem = Assembly-CSharp.csproj
	EndGlobalSection
EndGlobal
